
Microsoft Visual Studio Solution File, Format Version 12.00
# Visual Studio Version 16
VisualStudioVersion = 16.0.29920.165
MinimumVisualStudioVersion = 10.0.40219.1
Project("{9A19103F-16F7-4668-BE54-9A1E7A4F7556}") = "ZeKi.Frame.DB", "ZeKi.Frame.DB\ZeKi.Frame.DB.csproj", "{3D818336-6E0F-4994-BB79-E791F61DC607}"
EndProject
Project("{2150E333-8FDC-42A3-9474-1A3956D46DE8}") = "01UI", "01UI", "{75DB52A8-BFC3-4A1F-B9BD-DB0C39A1BAA0}"
EndProject
Project("{2150E333-8FDC-42A3-9474-1A3956D46DE8}") = "02BLL", "02BLL", "{E280FF9E-CDEA-4A22-8E12-0FBAD16B6536}"
EndProject
Project("{2150E333-8FDC-42A3-9474-1A3956D46DE8}") = "03DAL", "03DAL", "{745FB319-4D11-49C5-8440-54641D0F97E5}"
EndProject
Project("{2150E333-8FDC-42A3-9474-1A3956D46DE8}") = "05Model", "05Model", "{8E6E5CAE-A784-4023-99C4-F10EBD7A15FC}"
EndProject
Project("{2150E333-8FDC-42A3-9474-1A3956D46DE8}") = "04Common", "04Common", "{F2EEEE19-231F-4768-B029-244CCAB7C9D8}"
EndProject
Project("{9A19103F-16F7-4668-BE54-9A1E7A4F7556}") = "ZeKi.Frame.DAL", "ZeKi.Frame.DAL\ZeKi.Frame.DAL.csproj", "{686E0826-1940-4D52-B9FA-22740B26FF79}"
EndProject
Project("{9A19103F-16F7-4668-BE54-9A1E7A4F7556}") = "ZeKi.Frame.Model", "ZeKi.Frame.Model\ZeKi.Frame.Model.csproj", "{0E9CF91D-7DC8-4C12-BE68-12B208B3942D}"
EndProject
Project("{9A19103F-16F7-4668-BE54-9A1E7A4F7556}") = "ZeKi.Frame.Common", "ZeKi.Frame.Common\ZeKi.Frame.Common.csproj", "{3A88CB4A-E176-4780-886E-E179F5BB48C4}"
EndProject
Project("{9A19103F-16F7-4668-BE54-9A1E7A4F7556}") = "ZeKi.Frame.IDAL", "ZeKi.Frame.IDAL\ZeKi.Frame.IDAL.csproj", "{92D28DED-D023-4F6D-8927-8117C7F9083C}"
EndProject
Project("{9A19103F-16F7-4668-BE54-9A1E7A4F7556}") = "ZeKi.Frame.BLL", "ZeKi.Frame.BLL\ZeKi.Frame.BLL.csproj", "{0BABC7F6-558C-41ED-B192-7ED6DEA2FF90}"
EndProject
Project("{9A19103F-16F7-4668-BE54-9A1E7A4F7556}") = "ZeKi.Frame.IBLL", "ZeKi.Frame.IBLL\ZeKi.Frame.IBLL.csproj", "{DADFD4D8-3472-42EA-9369-C2A0B3E0075C}"
EndProject
Project("{9A19103F-16F7-4668-BE54-9A1E7A4F7556}") = "ZeKi.Frame.UI", "ZeKi.Frame.UI\ZeKi.Frame.UI.csproj", "{6AFA2ED0-A6DC-41A0-8169-B3A74EF2699D}"
EndProject
Global
	GlobalSection(SolutionConfigurationPlatforms) = preSolution
		Debug|Any CPU = Debug|Any CPU
		Release|Any CPU = Release|Any CPU
	EndGlobalSection
	GlobalSection(ProjectConfigurationPlatforms) = postSolution
		{3D818336-6E0F-4994-BB79-E791F61DC607}.Debug|Any CPU.ActiveCfg = Debug|Any CPU
		{3D818336-6E0F-4994-BB79-E791F61DC607}.Debug|Any CPU.Build.0 = Debug|Any CPU
		{3D818336-6E0F-4994-BB79-E791F61DC607}.Release|Any CPU.ActiveCfg = Release|Any CPU
		{3D818336-6E0F-4994-BB79-E791F61DC607}.Release|Any CPU.Build.0 = Release|Any CPU
		{686E0826-1940-4D52-B9FA-22740B26FF79}.Debug|Any CPU.ActiveCfg = Debug|Any CPU
		{686E0826-1940-4D52-B9FA-22740B26FF79}.Debug|Any CPU.Build.0 = Debug|Any CPU
		{686E0826-1940-4D52-B9FA-22740B26FF79}.Release|Any CPU.ActiveCfg = Release|Any CPU
		{686E0826-1940-4D52-B9FA-22740B26FF79}.Release|Any CPU.Build.0 = Release|Any CPU
		{0E9CF91D-7DC8-4C12-BE68-12B208B3942D}.Debug|Any CPU.ActiveCfg = Debug|Any CPU
		{0E9CF91D-7DC8-4C12-BE68-12B208B3942D}.Debug|Any CPU.Build.0 = Debug|Any CPU
		{0E9CF91D-7DC8-4C12-BE68-12B208B3942D}.Release|Any CPU.ActiveCfg = Release|Any CPU
		{0E9CF91D-7DC8-4C12-BE68-12B208B3942D}.Release|Any CPU.Build.0 = Release|Any CPU
		{3A88CB4A-E176-4780-886E-E179F5BB48C4}.Debug|Any CPU.ActiveCfg = Debug|Any CPU
		{3A88CB4A-E176-4780-886E-E179F5BB48C4}.Debug|Any CPU.Build.0 = Debug|Any CPU
		{3A88CB4A-E176-4780-886E-E179F5BB48C4}.Release|Any CPU.ActiveCfg = Release|Any CPU
		{3A88CB4A-E176-4780-886E-E179F5BB48C4}.Release|Any CPU.Build.0 = Release|Any CPU
		{92D28DED-D023-4F6D-8927-8117C7F9083C}.Debug|Any CPU.ActiveCfg = Debug|Any CPU
		{92D28DED-D023-4F6D-8927-8117C7F9083C}.Debug|Any CPU.Build.0 = Debug|Any CPU
		{92D28DED-D023-4F6D-8927-8117C7F9083C}.Release|Any CPU.ActiveCfg = Release|Any CPU
		{92D28DED-D023-4F6D-8927-8117C7F9083C}.Release|Any CPU.Build.0 = Release|Any CPU
		{0BABC7F6-558C-41ED-B192-7ED6DEA2FF90}.Debug|Any CPU.ActiveCfg = Debug|Any CPU
		{0BABC7F6-558C-41ED-B192-7ED6DEA2FF90}.Debug|Any CPU.Build.0 = Debug|Any CPU
		{0BABC7F6-558C-41ED-B192-7ED6DEA2FF90}.Release|Any CPU.ActiveCfg = Release|Any CPU
		{0BABC7F6-558C-41ED-B192-7ED6DEA2FF90}.Release|Any CPU.Build.0 = Release|Any CPU
		{DADFD4D8-3472-42EA-9369-C2A0B3E0075C}.Debug|Any CPU.ActiveCfg = Debug|Any CPU
		{DADFD4D8-3472-42EA-9369-C2A0B3E0075C}.Debug|Any CPU.Build.0 = Debug|Any CPU
		{DADFD4D8-3472-42EA-9369-C2A0B3E0075C}.Release|Any CPU.ActiveCfg = Release|Any CPU
		{DADFD4D8-3472-42EA-9369-C2A0B3E0075C}.Release|Any CPU.Build.0 = Release|Any CPU
		{6AFA2ED0-A6DC-41A0-8169-B3A74EF2699D}.Debug|Any CPU.ActiveCfg = Debug|Any CPU
		{6AFA2ED0-A6DC-41A0-8169-B3A74EF2699D}.Debug|Any CPU.Build.0 = Debug|Any CPU
		{6AFA2ED0-A6DC-41A0-8169-B3A74EF2699D}.Release|Any CPU.ActiveCfg = Release|Any CPU
		{6AFA2ED0-A6DC-41A0-8169-B3A74EF2699D}.Release|Any CPU.Build.0 = Release|Any CPU
	EndGlobalSection
	GlobalSection(SolutionProperties) = preSolution
		HideSolutionNode = FALSE
	EndGlobalSection
	GlobalSection(NestedProjects) = preSolution
		{3D818336-6E0F-4994-BB79-E791F61DC607} = {745FB319-4D11-49C5-8440-54641D0F97E5}
		{686E0826-1940-4D52-B9FA-22740B26FF79} = {745FB319-4D11-49C5-8440-54641D0F97E5}
		{0E9CF91D-7DC8-4C12-BE68-12B208B3942D} = {8E6E5CAE-A784-4023-99C4-F10EBD7A15FC}
		{3A88CB4A-E176-4780-886E-E179F5BB48C4} = {F2EEEE19-231F-4768-B029-244CCAB7C9D8}
		{92D28DED-D023-4F6D-8927-8117C7F9083C} = {745FB319-4D11-49C5-8440-54641D0F97E5}
		{0BABC7F6-558C-41ED-B192-7ED6DEA2FF90} = {E280FF9E-CDEA-4A22-8E12-0FBAD16B6536}
		{DADFD4D8-3472-42EA-9369-C2A0B3E0075C} = {E280FF9E-CDEA-4A22-8E12-0FBAD16B6536}
		{6AFA2ED0-A6DC-41A0-8169-B3A74EF2699D} = {75DB52A8-BFC3-4A1F-B9BD-DB0C39A1BAA0}
	EndGlobalSection
	GlobalSection(ExtensibilityGlobals) = postSolution
		SolutionGuid = {CBD989C9-3EAC-4A12-800B-EFDAA8EA04DE}
	EndGlobalSection
EndGlobal
