
Microsoft Visual Studio Solution File, Format Version 12.00
# Visual Studio Version 16
VisualStudioVersion = 16.0.30011.22
MinimumVisualStudioVersion = 10.0.40219.1
Project("{FAE04EC0-301F-11D3-BF4B-00C04F79EFBC}") = "Dapper.Extensions.ZQ", "Dapper.Extensions.ZQ\Dapper.Extensions.ZQ.csproj", "{A2E17E4F-3AA5-4145-A2E6-43E231398FDD}"
EndProject
Project("{FAE04EC0-301F-11D3-BF4B-00C04F79EFBC}") = "ZQ.SQL.Frame.BLL", "ZQ.SQL.Frame.BLL\ZQ.SQL.Frame.BLL.csproj", "{7B753C4F-7034-4B2E-8A8C-A445ABEC5C4A}"
EndProject
Project("{2150E333-8FDC-42A3-9474-1A3956D46DE8}") = "03DAL", "03DAL", "{BC01A943-387C-4092-9535-48625A192C89}"
EndProject
Project("{2150E333-8FDC-42A3-9474-1A3956D46DE8}") = "02BLL", "02BLL", "{16EA2C8C-74DE-44D1-9B76-572598695930}"
EndProject
Project("{2150E333-8FDC-42A3-9474-1A3956D46DE8}") = "01UI", "01UI", "{01EB77E2-F170-49CA-BFA0-B1D38BB87BC9}"
EndProject
Project("{FAE04EC0-301F-11D3-BF4B-00C04F79EFBC}") = "ZQ.SQL.Frame.UI.Demo", "ZQ.SQL.Frame.UI.Demo\ZQ.SQL.Frame.UI.Demo.csproj", "{8C008EF0-71A1-4E0B-981F-47C2A7A9F3B2}"
EndProject
Project("{2150E333-8FDC-42A3-9474-1A3956D46DE8}") = "04Model", "04Model", "{97B53ECF-F290-4C2D-BCC3-596215B4D8EC}"
EndProject
Project("{FAE04EC0-301F-11D3-BF4B-00C04F79EFBC}") = "ZQ.SQL.Frame.Model", "ZQ.SQL.Frame.Model\ZQ.SQL.Frame.Model.csproj", "{6C25D5D8-9434-4C40-9942-D1EC6D757B6E}"
EndProject
Project("{FAE04EC0-301F-11D3-BF4B-00C04F79EFBC}") = "ZQ.SQL.Frame.DAL", "ZQ.SQL.Frame.DAL\ZQ.SQL.Frame.DAL.csproj", "{AC06BE69-4246-4C1D-9474-91269862290C}"
EndProject
Project("{2150E333-8FDC-42A3-9474-1A3956D46DE8}") = "05Common", "05Common", "{71852C3C-6F22-4431-85A0-8AA5F3BAD794}"
EndProject
Project("{FAE04EC0-301F-11D3-BF4B-00C04F79EFBC}") = "ZQ.SQL.Frame.Common", "ZQ.SQL.Frame.Common\ZQ.SQL.Frame.Common.csproj", "{80A45A5C-5409-40E3-A316-C35330D04741}"
EndProject
Global
	GlobalSection(SolutionConfigurationPlatforms) = preSolution
		Debug|Any CPU = Debug|Any CPU
		Release|Any CPU = Release|Any CPU
	EndGlobalSection
	GlobalSection(ProjectConfigurationPlatforms) = postSolution
		{A2E17E4F-3AA5-4145-A2E6-43E231398FDD}.Debug|Any CPU.ActiveCfg = Debug|Any CPU
		{A2E17E4F-3AA5-4145-A2E6-43E231398FDD}.Debug|Any CPU.Build.0 = Debug|Any CPU
		{A2E17E4F-3AA5-4145-A2E6-43E231398FDD}.Release|Any CPU.ActiveCfg = Release|Any CPU
		{A2E17E4F-3AA5-4145-A2E6-43E231398FDD}.Release|Any CPU.Build.0 = Release|Any CPU
		{7B753C4F-7034-4B2E-8A8C-A445ABEC5C4A}.Debug|Any CPU.ActiveCfg = Debug|Any CPU
		{7B753C4F-7034-4B2E-8A8C-A445ABEC5C4A}.Debug|Any CPU.Build.0 = Debug|Any CPU
		{7B753C4F-7034-4B2E-8A8C-A445ABEC5C4A}.Release|Any CPU.ActiveCfg = Release|Any CPU
		{7B753C4F-7034-4B2E-8A8C-A445ABEC5C4A}.Release|Any CPU.Build.0 = Release|Any CPU
		{8C008EF0-71A1-4E0B-981F-47C2A7A9F3B2}.Debug|Any CPU.ActiveCfg = Debug|Any CPU
		{8C008EF0-71A1-4E0B-981F-47C2A7A9F3B2}.Debug|Any CPU.Build.0 = Debug|Any CPU
		{8C008EF0-71A1-4E0B-981F-47C2A7A9F3B2}.Release|Any CPU.ActiveCfg = Release|Any CPU
		{8C008EF0-71A1-4E0B-981F-47C2A7A9F3B2}.Release|Any CPU.Build.0 = Release|Any CPU
		{6C25D5D8-9434-4C40-9942-D1EC6D757B6E}.Debug|Any CPU.ActiveCfg = Debug|Any CPU
		{6C25D5D8-9434-4C40-9942-D1EC6D757B6E}.Debug|Any CPU.Build.0 = Debug|Any CPU
		{6C25D5D8-9434-4C40-9942-D1EC6D757B6E}.Release|Any CPU.ActiveCfg = Release|Any CPU
		{6C25D5D8-9434-4C40-9942-D1EC6D757B6E}.Release|Any CPU.Build.0 = Release|Any CPU
		{AC06BE69-4246-4C1D-9474-91269862290C}.Debug|Any CPU.ActiveCfg = Debug|Any CPU
		{AC06BE69-4246-4C1D-9474-91269862290C}.Debug|Any CPU.Build.0 = Debug|Any CPU
		{AC06BE69-4246-4C1D-9474-91269862290C}.Release|Any CPU.ActiveCfg = Release|Any CPU
		{AC06BE69-4246-4C1D-9474-91269862290C}.Release|Any CPU.Build.0 = Release|Any CPU
		{80A45A5C-5409-40E3-A316-C35330D04741}.Debug|Any CPU.ActiveCfg = Debug|Any CPU
		{80A45A5C-5409-40E3-A316-C35330D04741}.Debug|Any CPU.Build.0 = Debug|Any CPU
		{80A45A5C-5409-40E3-A316-C35330D04741}.Release|Any CPU.ActiveCfg = Release|Any CPU
		{80A45A5C-5409-40E3-A316-C35330D04741}.Release|Any CPU.Build.0 = Release|Any CPU
	EndGlobalSection
	GlobalSection(SolutionProperties) = preSolution
		HideSolutionNode = FALSE
	EndGlobalSection
	GlobalSection(NestedProjects) = preSolution
		{A2E17E4F-3AA5-4145-A2E6-43E231398FDD} = {BC01A943-387C-4092-9535-48625A192C89}
		{7B753C4F-7034-4B2E-8A8C-A445ABEC5C4A} = {16EA2C8C-74DE-44D1-9B76-572598695930}
		{8C008EF0-71A1-4E0B-981F-47C2A7A9F3B2} = {01EB77E2-F170-49CA-BFA0-B1D38BB87BC9}
		{6C25D5D8-9434-4C40-9942-D1EC6D757B6E} = {97B53ECF-F290-4C2D-BCC3-596215B4D8EC}
		{AC06BE69-4246-4C1D-9474-91269862290C} = {BC01A943-387C-4092-9535-48625A192C89}
		{80A45A5C-5409-40E3-A316-C35330D04741} = {71852C3C-6F22-4431-85A0-8AA5F3BAD794}
	EndGlobalSection
	GlobalSection(ExtensibilityGlobals) = postSolution
		SolutionGuid = {46DFCE59-DFB4-4AE0-8096-B4504E9ED5DD}
	EndGlobalSection
EndGlobal
